
Microsoft Visual Studio Solution File, Format Version 12.00
# Visual Studio Version 17
VisualStudioVersion = 17.5.33530.505
MinimumVisualStudioVersion = 10.0.40219.1
Project("{9A19103F-16F7-4668-BE54-9A1E7A4F7556}") = "MarketData", "MarketData\MarketData.csproj", "{F28638EE-EDA8-44B9-B5E7-082583C4CFDA}"
EndProject
Global
	GlobalSection(SolutionConfigurationPlatforms) = preSolution
		Debug|Any CPU = Debug|Any CPU
		Release|Any CPU = Release|Any CPU
	EndGlobalSection
	GlobalSection(ProjectConfigurationPlatforms) = postSolution
		{F28638EE-EDA8-44B9-B5E7-082583C4CFDA}.Debug|Any CPU.ActiveCfg = Debug|Any CPU
		{F28638EE-EDA8-44B9-B5E7-082583C4CFDA}.Debug|Any CPU.Build.0 = Debug|Any CPU
		{F28638EE-EDA8-44B9-B5E7-082583C4CFDA}.Release|Any CPU.ActiveCfg = Release|Any CPU
		{F28638EE-EDA8-44B9-B5E7-082583C4CFDA}.Release|Any CPU.Build.0 = Release|Any CPU
	EndGlobalSection
	GlobalSection(SolutionProperties) = preSolution
		HideSolutionNode = FALSE
	EndGlobalSection
	GlobalSection(ExtensibilityGlobals) = postSolution
		SolutionGuid = {1CD2A3AE-AD16-4C84-9D67-15F93A39EB98}
	EndGlobalSection
EndGlobal
